
Microsoft Visual Studio Solution File, Format Version 12.00
# Visual Studio 14
VisualStudioVersion = 14.0.25420.1
MinimumVisualStudioVersion = 10.0.40219.1
Project("{2150E333-8FDC-42A3-9474-1A3956D46DE8}") = "src", "src", "{CB50BBF8-9D6E-4A39-BB88-346C8592545A}"
EndProject
Project("{2150E333-8FDC-42A3-9474-1A3956D46DE8}") = "Solution Items", "Solution Items", "{477581A6-B53A-408B-B2E5-4BDFD19DA3C2}"
	ProjectSection(SolutionItems) = preProject
		global.json = global.json
	EndProjectSection
EndProject
Project("{8BB2217D-0F2D-49D1-97BC-3654ED321F3B}") = "Melody", "src\Melody\Melody.xproj", "{25D6944E-0692-4075-84B9-5808F5605362}"
EndProject
Global
	GlobalSection(SolutionConfigurationPlatforms) = preSolution
		Debug|Any CPU = Debug|Any CPU
		Release|Any CPU = Release|Any CPU
	EndGlobalSection
	GlobalSection(ProjectConfigurationPlatforms) = postSolution
		{25D6944E-0692-4075-84B9-5808F5605362}.Debug|Any CPU.ActiveCfg = Debug|Any CPU
		{25D6944E-0692-4075-84B9-5808F5605362}.Debug|Any CPU.Build.0 = Debug|Any CPU
		{25D6944E-0692-4075-84B9-5808F5605362}.Release|Any CPU.ActiveCfg = Release|Any CPU
		{25D6944E-0692-4075-84B9-5808F5605362}.Release|Any CPU.Build.0 = Release|Any CPU
	EndGlobalSection
	GlobalSection(SolutionProperties) = preSolution
		HideSolutionNode = FALSE
	EndGlobalSection
	GlobalSection(NestedProjects) = preSolution
		{25D6944E-0692-4075-84B9-5808F5605362} = {CB50BBF8-9D6E-4A39-BB88-346C8592545A}
	EndGlobalSection
EndGlobal
